
Microsoft Visual Studio Solution File, Format Version 12.00
# Visual Studio 14
VisualStudioVersion = 14.0.23107.0
MinimumVisualStudioVersion = 10.0.40219.1
Project("{FAE04EC0-301F-11D3-BF4B-00C04F79EFBC}") = "ContacListXamarin", "ContacListXamarin\ContacListXamarin\ContacListXamarin.csproj", "{AA249B35-417C-4A9F-9E89-387CDA99F645}"
EndProject
Project("{FAE04EC0-301F-11D3-BF4B-00C04F79EFBC}") = "ContacListXamarin.iOS", "ContacListXamarin\ContacListXamarin.iOS\ContacListXamarin.iOS.csproj", "{5A5A985F-53BB-4E20-9376-6B185D55A31A}"
EndProject
Project("{FAE04EC0-301F-11D3-BF4B-00C04F79EFBC}") = "ContacListXamarin.Droid", "ContacListXamarin\ContacListXamarin.Droid\ContacListXamarin.Droid.csproj", "{0DDDA2F4-8789-458E-B136-66EB541F836C}"
EndProject
Project("{FAE04EC0-301F-11D3-BF4B-00C04F79EFBC}") = "ContacListXamarin.WinPhone", "ContacListXamarin\ContacListXamarin.WinPhone\ContacListXamarin.WinPhone.csproj", "{C23E2C05-B450-4928-95A0-DA7674860485}"
EndProject
Global
	GlobalSection(SolutionConfigurationPlatforms) = preSolution
		Ad-Hoc|Any CPU = Ad-Hoc|Any CPU
		Ad-Hoc|ARM = Ad-Hoc|ARM
		Ad-Hoc|iPhone = Ad-Hoc|iPhone
		Ad-Hoc|iPhoneSimulator = Ad-Hoc|iPhoneSimulator
		Ad-Hoc|x86 = Ad-Hoc|x86
		AppStore|Any CPU = AppStore|Any CPU
		AppStore|ARM = AppStore|ARM
		AppStore|iPhone = AppStore|iPhone
		AppStore|iPhoneSimulator = AppStore|iPhoneSimulator
		AppStore|x86 = AppStore|x86
		Debug|Any CPU = Debug|Any CPU
		Debug|ARM = Debug|ARM
		Debug|iPhone = Debug|iPhone
		Debug|iPhoneSimulator = Debug|iPhoneSimulator
		Debug|x86 = Debug|x86
		Release|Any CPU = Release|Any CPU
		Release|ARM = Release|ARM
		Release|iPhone = Release|iPhone
		Release|iPhoneSimulator = Release|iPhoneSimulator
		Release|x86 = Release|x86
	EndGlobalSection
	GlobalSection(ProjectConfigurationPlatforms) = postSolution
		{AA249B35-417C-4A9F-9E89-387CDA99F645}.Ad-Hoc|Any CPU.ActiveCfg = Release|Any CPU
		{AA249B35-417C-4A9F-9E89-387CDA99F645}.Ad-Hoc|Any CPU.Build.0 = Release|Any CPU
		{AA249B35-417C-4A9F-9E89-387CDA99F645}.Ad-Hoc|ARM.ActiveCfg = Release|Any CPU
		{AA249B35-417C-4A9F-9E89-387CDA99F645}.Ad-Hoc|ARM.Build.0 = Release|Any CPU
		{AA249B35-417C-4A9F-9E89-387CDA99F645}.Ad-Hoc|iPhone.ActiveCfg = Release|Any CPU
		{AA249B35-417C-4A9F-9E89-387CDA99F645}.Ad-Hoc|iPhone.Build.0 = Release|Any CPU
		{AA249B35-417C-4A9F-9E89-387CDA99F645}.Ad-Hoc|iPhoneSimulator.ActiveCfg = Release|Any CPU
		{AA249B35-417C-4A9F-9E89-387CDA99F645}.Ad-Hoc|iPhoneSimulator.Build.0 = Release|Any CPU
		{AA249B35-417C-4A9F-9E89-387CDA99F645}.Ad-Hoc|x86.ActiveCfg = Release|Any CPU
		{AA249B35-417C-4A9F-9E89-387CDA99F645}.Ad-Hoc|x86.Build.0 = Release|Any CPU
		{AA249B35-417C-4A9F-9E89-387CDA99F645}.AppStore|Any CPU.ActiveCfg = Release|Any CPU
		{AA249B35-417C-4A9F-9E89-387CDA99F645}.AppStore|Any CPU.Build.0 = Release|Any CPU
		{AA249B35-417C-4A9F-9E89-387CDA99F645}.AppStore|ARM.ActiveCfg = Release|Any CPU
		{AA249B35-417C-4A9F-9E89-387CDA99F645}.AppStore|ARM.Build.0 = Release|Any CPU
		{AA249B35-417C-4A9F-9E89-387CDA99F645}.AppStore|iPhone.ActiveCfg = Release|Any CPU
		{AA249B35-417C-4A9F-9E89-387CDA99F645}.AppStore|iPhone.Build.0 = Release|Any CPU
		{AA249B35-417C-4A9F-9E89-387CDA99F645}.AppStore|iPhoneSimulator.ActiveCfg = Release|Any CPU
		{AA249B35-417C-4A9F-9E89-387CDA99F645}.AppStore|iPhoneSimulator.Build.0 = Release|Any CPU
		{AA249B35-417C-4A9F-9E89-387CDA99F645}.AppStore|x86.ActiveCfg = Release|Any CPU
		{AA249B35-417C-4A9F-9E89-387CDA99F645}.AppStore|x86.Build.0 = Release|Any CPU
		{AA249B35-417C-4A9F-9E89-387CDA99F645}.Debug|Any CPU.ActiveCfg = Debug|Any CPU
		{AA249B35-417C-4A9F-9E89-387CDA99F645}.Debug|Any CPU.Build.0 = Debug|Any CPU
		{AA249B35-417C-4A9F-9E89-387CDA99F645}.Debug|ARM.ActiveCfg = Debug|Any CPU
		{AA249B35-417C-4A9F-9E89-387CDA99F645}.Debug|ARM.Build.0 = Debug|Any CPU
		{AA249B35-417C-4A9F-9E89-387CDA99F645}.Debug|iPhone.ActiveCfg = Debug|Any CPU
		{AA249B35-417C-4A9F-9E89-387CDA99F645}.Debug|iPhone.Build.0 = Debug|Any CPU
		{AA249B35-417C-4A9F-9E89-387CDA99F645}.Debug|iPhoneSimulator.ActiveCfg = Debug|Any CPU
		{AA249B35-417C-4A9F-9E89-387CDA99F645}.Debug|iPhoneSimulator.Build.0 = Debug|Any CPU
		{AA249B35-417C-4A9F-9E89-387CDA99F645}.Debug|x86.ActiveCfg = Debug|Any CPU
		{AA249B35-417C-4A9F-9E89-387CDA99F645}.Debug|x86.Build.0 = Debug|Any CPU
		{AA249B35-417C-4A9F-9E89-387CDA99F645}.Release|Any CPU.ActiveCfg = Release|Any CPU
		{AA249B35-417C-4A9F-9E89-387CDA99F645}.Release|Any CPU.Build.0 = Release|Any CPU
		{AA249B35-417C-4A9F-9E89-387CDA99F645}.Release|ARM.ActiveCfg = Release|Any CPU
		{AA249B35-417C-4A9F-9E89-387CDA99F645}.Release|ARM.Build.0 = Release|Any CPU
		{AA249B35-417C-4A9F-9E89-387CDA99F645}.Release|iPhone.ActiveCfg = Release|Any CPU
		{AA249B35-417C-4A9F-9E89-387CDA99F645}.Release|iPhone.Build.0 = Release|Any CPU
		{AA249B35-417C-4A9F-9E89-387CDA99F645}.Release|iPhoneSimulator.ActiveCfg = Release|Any CPU
		{AA249B35-417C-4A9F-9E89-387CDA99F645}.Release|iPhoneSimulator.Build.0 = Release|Any CPU
		{AA249B35-417C-4A9F-9E89-387CDA99F645}.Release|x86.ActiveCfg = Release|Any CPU
		{AA249B35-417C-4A9F-9E89-387CDA99F645}.Release|x86.Build.0 = Release|Any CPU
		{5A5A985F-53BB-4E20-9376-6B185D55A31A}.Ad-Hoc|Any CPU.ActiveCfg = Ad-Hoc|iPhone
		{5A5A985F-53BB-4E20-9376-6B185D55A31A}.Ad-Hoc|ARM.ActiveCfg = Ad-Hoc|iPhone
		{5A5A985F-53BB-4E20-9376-6B185D55A31A}.Ad-Hoc|iPhone.ActiveCfg = Ad-Hoc|iPhone
		{5A5A985F-53BB-4E20-9376-6B185D55A31A}.Ad-Hoc|iPhone.Build.0 = Ad-Hoc|iPhone
		{5A5A985F-53BB-4E20-9376-6B185D55A31A}.Ad-Hoc|iPhoneSimulator.ActiveCfg = Ad-Hoc|iPhoneSimulator
		{5A5A985F-53BB-4E20-9376-6B185D55A31A}.Ad-Hoc|iPhoneSimulator.Build.0 = Ad-Hoc|iPhoneSimulator
		{5A5A985F-53BB-4E20-9376-6B185D55A31A}.Ad-Hoc|x86.ActiveCfg = Ad-Hoc|iPhone
		{5A5A985F-53BB-4E20-9376-6B185D55A31A}.AppStore|Any CPU.ActiveCfg = AppStore|iPhone
		{5A5A985F-53BB-4E20-9376-6B185D55A31A}.AppStore|ARM.ActiveCfg = AppStore|iPhone
		{5A5A985F-53BB-4E20-9376-6B185D55A31A}.AppStore|iPhone.ActiveCfg = AppStore|iPhone
		{5A5A985F-53BB-4E20-9376-6B185D55A31A}.AppStore|iPhone.Build.0 = AppStore|iPhone
		{5A5A985F-53BB-4E20-9376-6B185D55A31A}.AppStore|iPhoneSimulator.ActiveCfg = AppStore|iPhoneSimulator
		{5A5A985F-53BB-4E20-9376-6B185D55A31A}.AppStore|iPhoneSimulator.Build.0 = AppStore|iPhoneSimulator
		{5A5A985F-53BB-4E20-9376-6B185D55A31A}.AppStore|x86.ActiveCfg = AppStore|iPhone
		{5A5A985F-53BB-4E20-9376-6B185D55A31A}.Debug|Any CPU.ActiveCfg = Debug|iPhone
		{5A5A985F-53BB-4E20-9376-6B185D55A31A}.Debug|ARM.ActiveCfg = Debug|iPhone
		{5A5A985F-53BB-4E20-9376-6B185D55A31A}.Debug|iPhone.ActiveCfg = Debug|iPhone
		{5A5A985F-53BB-4E20-9376-6B185D55A31A}.Debug|iPhone.Build.0 = Debug|iPhone
		{5A5A985F-53BB-4E20-9376-6B185D55A31A}.Debug|iPhoneSimulator.ActiveCfg = Debug|iPhoneSimulator
		{5A5A985F-53BB-4E20-9376-6B185D55A31A}.Debug|iPhoneSimulator.Build.0 = Debug|iPhoneSimulator
		{5A5A985F-53BB-4E20-9376-6B185D55A31A}.Debug|x86.ActiveCfg = Debug|iPhone
		{5A5A985F-53BB-4E20-9376-6B185D55A31A}.Release|Any CPU.ActiveCfg = Release|iPhone
		{5A5A985F-53BB-4E20-9376-6B185D55A31A}.Release|ARM.ActiveCfg = Release|iPhone
		{5A5A985F-53BB-4E20-9376-6B185D55A31A}.Release|iPhone.ActiveCfg = Release|iPhone
		{5A5A985F-53BB-4E20-9376-6B185D55A31A}.Release|iPhone.Build.0 = Release|iPhone
		{5A5A985F-53BB-4E20-9376-6B185D55A31A}.Release|iPhoneSimulator.ActiveCfg = Release|iPhoneSimulator
		{5A5A985F-53BB-4E20-9376-6B185D55A31A}.Release|iPhoneSimulator.Build.0 = Release|iPhoneSimulator
		{5A5A985F-53BB-4E20-9376-6B185D55A31A}.Release|x86.ActiveCfg = Release|iPhone
		{0DDDA2F4-8789-458E-B136-66EB541F836C}.Ad-Hoc|Any CPU.ActiveCfg = Release|Any CPU
		{0DDDA2F4-8789-458E-B136-66EB541F836C}.Ad-Hoc|Any CPU.Build.0 = Release|Any CPU
		{0DDDA2F4-8789-458E-B136-66EB541F836C}.Ad-Hoc|Any CPU.Deploy.0 = Release|Any CPU
		{0DDDA2F4-8789-458E-B136-66EB541F836C}.Ad-Hoc|ARM.ActiveCfg = Release|Any CPU
		{0DDDA2F4-8789-458E-B136-66EB541F836C}.Ad-Hoc|ARM.Build.0 = Release|Any CPU
		{0DDDA2F4-8789-458E-B136-66EB541F836C}.Ad-Hoc|ARM.Deploy.0 = Release|Any CPU
		{0DDDA2F4-8789-458E-B136-66EB541F836C}.Ad-Hoc|iPhone.ActiveCfg = Release|Any CPU
		{0DDDA2F4-8789-458E-B136-66EB541F836C}.Ad-Hoc|iPhone.Build.0 = Release|Any CPU
		{0DDDA2F4-8789-458E-B136-66EB541F836C}.Ad-Hoc|iPhone.Deploy.0 = Release|Any CPU
		{0DDDA2F4-8789-458E-B136-66EB541F836C}.Ad-Hoc|iPhoneSimulator.ActiveCfg = Release|Any CPU
		{0DDDA2F4-8789-458E-B136-66EB541F836C}.Ad-Hoc|iPhoneSimulator.Build.0 = Release|Any CPU
		{0DDDA2F4-8789-458E-B136-66EB541F836C}.Ad-Hoc|iPhoneSimulator.Deploy.0 = Release|Any CPU
		{0DDDA2F4-8789-458E-B136-66EB541F836C}.Ad-Hoc|x86.ActiveCfg = Release|Any CPU
		{0DDDA2F4-8789-458E-B136-66EB541F836C}.Ad-Hoc|x86.Build.0 = Release|Any CPU
		{0DDDA2F4-8789-458E-B136-66EB541F836C}.Ad-Hoc|x86.Deploy.0 = Release|Any CPU
		{0DDDA2F4-8789-458E-B136-66EB541F836C}.AppStore|Any CPU.ActiveCfg = Release|Any CPU
		{0DDDA2F4-8789-458E-B136-66EB541F836C}.AppStore|Any CPU.Build.0 = Release|Any CPU
		{0DDDA2F4-8789-458E-B136-66EB541F836C}.AppStore|Any CPU.Deploy.0 = Release|Any CPU
		{0DDDA2F4-8789-458E-B136-66EB541F836C}.AppStore|ARM.ActiveCfg = Release|Any CPU
		{0DDDA2F4-8789-458E-B136-66EB541F836C}.AppStore|ARM.Build.0 = Release|Any CPU
		{0DDDA2F4-8789-458E-B136-66EB541F836C}.AppStore|ARM.Deploy.0 = Release|Any CPU
		{0DDDA2F4-8789-458E-B136-66EB541F836C}.AppStore|iPhone.ActiveCfg = Release|Any CPU
		{0DDDA2F4-8789-458E-B136-66EB541F836C}.AppStore|iPhone.Build.0 = Release|Any CPU
		{0DDDA2F4-8789-458E-B136-66EB541F836C}.AppStore|iPhone.Deploy.0 = Release|Any CPU
		{0DDDA2F4-8789-458E-B136-66EB541F836C}.AppStore|iPhoneSimulator.ActiveCfg = Release|Any CPU
		{0DDDA2F4-8789-458E-B136-66EB541F836C}.AppStore|iPhoneSimulator.Build.0 = Release|Any CPU
		{0DDDA2F4-8789-458E-B136-66EB541F836C}.AppStore|iPhoneSimulator.Deploy.0 = Release|Any CPU
		{0DDDA2F4-8789-458E-B136-66EB541F836C}.AppStore|x86.ActiveCfg = Release|Any CPU
		{0DDDA2F4-8789-458E-B136-66EB541F836C}.AppStore|x86.Build.0 = Release|Any CPU
		{0DDDA2F4-8789-458E-B136-66EB541F836C}.AppStore|x86.Deploy.0 = Release|Any CPU
		{0DDDA2F4-8789-458E-B136-66EB541F836C}.Debug|Any CPU.ActiveCfg = Debug|Any CPU
		{0DDDA2F4-8789-458E-B136-66EB541F836C}.Debug|Any CPU.Build.0 = Debug|Any CPU
		{0DDDA2F4-8789-458E-B136-66EB541F836C}.Debug|Any CPU.Deploy.0 = Debug|Any CPU
		{0DDDA2F4-8789-458E-B136-66EB541F836C}.Debug|ARM.ActiveCfg = Debug|Any CPU
		{0DDDA2F4-8789-458E-B136-66EB541F836C}.Debug|ARM.Build.0 = Debug|Any CPU
		{0DDDA2F4-8789-458E-B136-66EB541F836C}.Debug|ARM.Deploy.0 = Debug|Any CPU
		{0DDDA2F4-8789-458E-B136-66EB541F836C}.Debug|iPhone.ActiveCfg = Debug|Any CPU
		{0DDDA2F4-8789-458E-B136-66EB541F836C}.Debug|iPhone.Build.0 = Debug|Any CPU
		{0DDDA2F4-8789-458E-B136-66EB541F836C}.Debug|iPhone.Deploy.0 = Debug|Any CPU
		{0DDDA2F4-8789-458E-B136-66EB541F836C}.Debug|iPhoneSimulator.ActiveCfg = Debug|Any CPU
		{0DDDA2F4-8789-458E-B136-66EB541F836C}.Debug|iPhoneSimulator.Build.0 = Debug|Any CPU
		{0DDDA2F4-8789-458E-B136-66EB541F836C}.Debug|iPhoneSimulator.Deploy.0 = Debug|Any CPU
		{0DDDA2F4-8789-458E-B136-66EB541F836C}.Debug|x86.ActiveCfg = Debug|Any CPU
		{0DDDA2F4-8789-458E-B136-66EB541F836C}.Debug|x86.Build.0 = Debug|Any CPU
		{0DDDA2F4-8789-458E-B136-66EB541F836C}.Debug|x86.Deploy.0 = Debug|Any CPU
		{0DDDA2F4-8789-458E-B136-66EB541F836C}.Release|Any CPU.ActiveCfg = Release|Any CPU
		{0DDDA2F4-8789-458E-B136-66EB541F836C}.Release|Any CPU.Build.0 = Release|Any CPU
		{0DDDA2F4-8789-458E-B136-66EB541F836C}.Release|Any CPU.Deploy.0 = Release|Any CPU
		{0DDDA2F4-8789-458E-B136-66EB541F836C}.Release|ARM.ActiveCfg = Release|Any CPU
		{0DDDA2F4-8789-458E-B136-66EB541F836C}.Release|ARM.Build.0 = Release|Any CPU
		{0DDDA2F4-8789-458E-B136-66EB541F836C}.Release|ARM.Deploy.0 = Release|Any CPU
		{0DDDA2F4-8789-458E-B136-66EB541F836C}.Release|iPhone.ActiveCfg = Release|Any CPU
		{0DDDA2F4-8789-458E-B136-66EB541F836C}.Release|iPhone.Build.0 = Release|Any CPU
		{0DDDA2F4-8789-458E-B136-66EB541F836C}.Release|iPhone.Deploy.0 = Release|Any CPU
		{0DDDA2F4-8789-458E-B136-66EB541F836C}.Release|iPhoneSimulator.ActiveCfg = Release|Any CPU
		{0DDDA2F4-8789-458E-B136-66EB541F836C}.Release|iPhoneSimulator.Build.0 = Release|Any CPU
		{0DDDA2F4-8789-458E-B136-66EB541F836C}.Release|iPhoneSimulator.Deploy.0 = Release|Any CPU
		{0DDDA2F4-8789-458E-B136-66EB541F836C}.Release|x86.ActiveCfg = Release|Any CPU
		{0DDDA2F4-8789-458E-B136-66EB541F836C}.Release|x86.Build.0 = Release|Any CPU
		{0DDDA2F4-8789-458E-B136-66EB541F836C}.Release|x86.Deploy.0 = Release|Any CPU
		{C23E2C05-B450-4928-95A0-DA7674860485}.Ad-Hoc|Any CPU.ActiveCfg = Release|Any CPU
		{C23E2C05-B450-4928-95A0-DA7674860485}.Ad-Hoc|Any CPU.Build.0 = Release|Any CPU
		{C23E2C05-B450-4928-95A0-DA7674860485}.Ad-Hoc|Any CPU.Deploy.0 = Release|Any CPU
		{C23E2C05-B450-4928-95A0-DA7674860485}.Ad-Hoc|ARM.ActiveCfg = Release|ARM
		{C23E2C05-B450-4928-95A0-DA7674860485}.Ad-Hoc|ARM.Build.0 = Release|ARM
		{C23E2C05-B450-4928-95A0-DA7674860485}.Ad-Hoc|ARM.Deploy.0 = Release|ARM
		{C23E2C05-B450-4928-95A0-DA7674860485}.Ad-Hoc|iPhone.ActiveCfg = Release|Any CPU
		{C23E2C05-B450-4928-95A0-DA7674860485}.Ad-Hoc|iPhone.Build.0 = Release|Any CPU
		{C23E2C05-B450-4928-95A0-DA7674860485}.Ad-Hoc|iPhone.Deploy.0 = Release|Any CPU
		{C23E2C05-B450-4928-95A0-DA7674860485}.Ad-Hoc|iPhoneSimulator.ActiveCfg = Release|Any CPU
		{C23E2C05-B450-4928-95A0-DA7674860485}.Ad-Hoc|iPhoneSimulator.Build.0 = Release|Any CPU
		{C23E2C05-B450-4928-95A0-DA7674860485}.Ad-Hoc|iPhoneSimulator.Deploy.0 = Release|Any CPU
		{C23E2C05-B450-4928-95A0-DA7674860485}.Ad-Hoc|x86.ActiveCfg = Release|x86
		{C23E2C05-B450-4928-95A0-DA7674860485}.Ad-Hoc|x86.Build.0 = Release|x86
		{C23E2C05-B450-4928-95A0-DA7674860485}.Ad-Hoc|x86.Deploy.0 = Release|x86
		{C23E2C05-B450-4928-95A0-DA7674860485}.AppStore|Any CPU.ActiveCfg = Release|Any CPU
		{C23E2C05-B450-4928-95A0-DA7674860485}.AppStore|Any CPU.Build.0 = Release|Any CPU
		{C23E2C05-B450-4928-95A0-DA7674860485}.AppStore|Any CPU.Deploy.0 = Release|Any CPU
		{C23E2C05-B450-4928-95A0-DA7674860485}.AppStore|ARM.ActiveCfg = Release|ARM
		{C23E2C05-B450-4928-95A0-DA7674860485}.AppStore|ARM.Build.0 = Release|ARM
		{C23E2C05-B450-4928-95A0-DA7674860485}.AppStore|ARM.Deploy.0 = Release|ARM
		{C23E2C05-B450-4928-95A0-DA7674860485}.AppStore|iPhone.ActiveCfg = Release|Any CPU
		{C23E2C05-B450-4928-95A0-DA7674860485}.AppStore|iPhone.Build.0 = Release|Any CPU
		{C23E2C05-B450-4928-95A0-DA7674860485}.AppStore|iPhone.Deploy.0 = Release|Any CPU
		{C23E2C05-B450-4928-95A0-DA7674860485}.AppStore|iPhoneSimulator.ActiveCfg = Release|Any CPU
		{C23E2C05-B450-4928-95A0-DA7674860485}.AppStore|iPhoneSimulator.Build.0 = Release|Any CPU
		{C23E2C05-B450-4928-95A0-DA7674860485}.AppStore|iPhoneSimulator.Deploy.0 = Release|Any CPU
		{C23E2C05-B450-4928-95A0-DA7674860485}.AppStore|x86.ActiveCfg = Release|x86
		{C23E2C05-B450-4928-95A0-DA7674860485}.AppStore|x86.Build.0 = Release|x86
		{C23E2C05-B450-4928-95A0-DA7674860485}.AppStore|x86.Deploy.0 = Release|x86
		{C23E2C05-B450-4928-95A0-DA7674860485}.Debug|Any CPU.ActiveCfg = Debug|Any CPU
		{C23E2C05-B450-4928-95A0-DA7674860485}.Debug|Any CPU.Build.0 = Debug|Any CPU
		{C23E2C05-B450-4928-95A0-DA7674860485}.Debug|Any CPU.Deploy.0 = Debug|Any CPU
		{C23E2C05-B450-4928-95A0-DA7674860485}.Debug|ARM.ActiveCfg = Debug|ARM
		{C23E2C05-B450-4928-95A0-DA7674860485}.Debug|ARM.Build.0 = Debug|ARM
		{C23E2C05-B450-4928-95A0-DA7674860485}.Debug|ARM.Deploy.0 = Debug|ARM
		{C23E2C05-B450-4928-95A0-DA7674860485}.Debug|iPhone.ActiveCfg = Debug|Any CPU
		{C23E2C05-B450-4928-95A0-DA7674860485}.Debug|iPhone.Build.0 = Debug|Any CPU
		{C23E2C05-B450-4928-95A0-DA7674860485}.Debug|iPhone.Deploy.0 = Debug|Any CPU
		{C23E2C05-B450-4928-95A0-DA7674860485}.Debug|iPhoneSimulator.ActiveCfg = Debug|Any CPU
		{C23E2C05-B450-4928-95A0-DA7674860485}.Debug|iPhoneSimulator.Build.0 = Debug|Any CPU
		{C23E2C05-B450-4928-95A0-DA7674860485}.Debug|iPhoneSimulator.Deploy.0 = Debug|Any CPU
		{C23E2C05-B450-4928-95A0-DA7674860485}.Debug|x86.ActiveCfg = Debug|x86
		{C23E2C05-B450-4928-95A0-DA7674860485}.Debug|x86.Build.0 = Debug|x86
		{C23E2C05-B450-4928-95A0-DA7674860485}.Debug|x86.Deploy.0 = Debug|x86
		{C23E2C05-B450-4928-95A0-DA7674860485}.Release|Any CPU.ActiveCfg = Release|Any CPU
		{C23E2C05-B450-4928-95A0-DA7674860485}.Release|Any CPU.Build.0 = Release|Any CPU
		{C23E2C05-B450-4928-95A0-DA7674860485}.Release|Any CPU.Deploy.0 = Release|Any CPU
		{C23E2C05-B450-4928-95A0-DA7674860485}.Release|ARM.ActiveCfg = Release|ARM
		{C23E2C05-B450-4928-95A0-DA7674860485}.Release|ARM.Build.0 = Release|ARM
		{C23E2C05-B450-4928-95A0-DA7674860485}.Release|ARM.Deploy.0 = Release|ARM
		{C23E2C05-B450-4928-95A0-DA7674860485}.Release|iPhone.ActiveCfg = Release|Any CPU
		{C23E2C05-B450-4928-95A0-DA7674860485}.Release|iPhone.Build.0 = Release|Any CPU
		{C23E2C05-B450-4928-95A0-DA7674860485}.Release|iPhone.Deploy.0 = Release|Any CPU
		{C23E2C05-B450-4928-95A0-DA7674860485}.Release|iPhoneSimulator.ActiveCfg = Release|Any CPU
		{C23E2C05-B450-4928-95A0-DA7674860485}.Release|iPhoneSimulator.Build.0 = Release|Any CPU
		{C23E2C05-B450-4928-95A0-DA7674860485}.Release|iPhoneSimulator.Deploy.0 = Release|Any CPU
		{C23E2C05-B450-4928-95A0-DA7674860485}.Release|x86.ActiveCfg = Release|x86
		{C23E2C05-B450-4928-95A0-DA7674860485}.Release|x86.Build.0 = Release|x86
		{C23E2C05-B450-4928-95A0-DA7674860485}.Release|x86.Deploy.0 = Release|x86
	EndGlobalSection
	GlobalSection(SolutionProperties) = preSolution
		HideSolutionNode = FALSE
	EndGlobalSection
EndGlobal
